seahax.com/go/shorthand v0.0.16 h1:iWj3Xnp0QxYd7IHET+HpxieM+SUW60RqWSYixfnnepI=
seahax.com/go/shorthand v0.0.16/go.mod h1:IG2t6eeV0RBWUX8E7v9RY6v6CgUf+3nIXrQ1D6g5DCA=
seahax.com/go/xhttp v0.1.4 h1:tDBZPI/enjB90vbpFSJPGwMHhcoyKSCpX/E+Ix3N9BE=
seahax.com/go/xhttp v0.1.4/go.mod h1:8ioE3HLLKMbWeBAucg52eNkVmOVwxbow2MCjDD/iPD8=
